
Microsoft Visual Studio Solution File, Format Version 12.00
# Visual Studio 15
VisualStudioVersion = 15.0.27130.2036
MinimumVisualStudioVersion = 10.0.40219.1
Project("{2150E333-8FDC-42A3-9474-1A3956D46DE8}") = "Core", "Core", "{D2993AC2-254C-4224-83E8-54F595900C78}"
EndProject
Project("{9A19103F-16F7-4668-BE54-9A1E7A4F7556}") = "TesteETDD.Core.Web", "TesteETDD.Core.Web\TesteETDD.Core.Web.csproj", "{C0BE50B4-1F0E-45BB-BEE6-D3EDF8A64FC9}"
EndProject
Project("{FAE04EC0-301F-11D3-BF4B-00C04F79EFBC}") = "TesteETDD.Core.Tests", "TesteETDD.Core.Tests\TesteETDD.Core.Tests.csproj", "{C76F8AAD-0A97-45EC-8789-FBBDE6E173AA}"
EndProject
Global
	GlobalSection(SolutionConfigurationPlatforms) = preSolution
		Debug|Any CPU = Debug|Any CPU
		Release|Any CPU = Release|Any CPU
	EndGlobalSection
	GlobalSection(ProjectConfigurationPlatforms) = postSolution
		{C0BE50B4-1F0E-45BB-BEE6-D3EDF8A64FC9}.Debug|Any CPU.ActiveCfg = Debug|Any CPU
		{C0BE50B4-1F0E-45BB-BEE6-D3EDF8A64FC9}.Debug|Any CPU.Build.0 = Debug|Any CPU
		{C0BE50B4-1F0E-45BB-BEE6-D3EDF8A64FC9}.Release|Any CPU.ActiveCfg = Release|Any CPU
		{C0BE50B4-1F0E-45BB-BEE6-D3EDF8A64FC9}.Release|Any CPU.Build.0 = Release|Any CPU
		{C76F8AAD-0A97-45EC-8789-FBBDE6E173AA}.Debug|Any CPU.ActiveCfg = Debug|Any CPU
		{C76F8AAD-0A97-45EC-8789-FBBDE6E173AA}.Debug|Any CPU.Build.0 = Debug|Any CPU
		{C76F8AAD-0A97-45EC-8789-FBBDE6E173AA}.Release|Any CPU.ActiveCfg = Release|Any CPU
		{C76F8AAD-0A97-45EC-8789-FBBDE6E173AA}.Release|Any CPU.Build.0 = Release|Any CPU
	EndGlobalSection
	GlobalSection(SolutionProperties) = preSolution
		HideSolutionNode = FALSE
	EndGlobalSection
	GlobalSection(NestedProjects) = preSolution
		{C0BE50B4-1F0E-45BB-BEE6-D3EDF8A64FC9} = {D2993AC2-254C-4224-83E8-54F595900C78}
		{C76F8AAD-0A97-45EC-8789-FBBDE6E173AA} = {D2993AC2-254C-4224-83E8-54F595900C78}
	EndGlobalSection
	GlobalSection(ExtensibilityGlobals) = postSolution
		SolutionGuid = {CD11CECB-67C5-4C76-B397-9E54C25B13CC}
	EndGlobalSection
EndGlobal
